
Microsoft Visual Studio Solution File, Format Version 12.00
# Visual Studio 15
VisualStudioVersion = 15.0.28010.2046
MinimumVisualStudioVersion = 10.0.40219.1
Project("{FAE04EC0-301F-11D3-BF4B-00C04F79EFBC}") = "LoadEmbeddedAssembly", "LoadEmbeddedAssembly\LoadEmbeddedAssembly.csproj", "{CCAD8514-9C82-4951-B5E3-A10F73AE1350}"
EndProject
Global
	GlobalSection(SolutionConfigurationPlatforms) = preSolution
		Debug|Any CPU = Debug|Any CPU
		Release|Any CPU = Release|Any CPU
	EndGlobalSection
	GlobalSection(ProjectConfigurationPlatforms) = postSolution
		{CCAD8514-9C82-4951-B5E3-A10F73AE1350}.Debug|Any CPU.ActiveCfg = Debug|Any CPU
		{CCAD8514-9C82-4951-B5E3-A10F73AE1350}.Debug|Any CPU.Build.0 = Debug|Any CPU
		{CCAD8514-9C82-4951-B5E3-A10F73AE1350}.Release|Any CPU.ActiveCfg = Release|Any CPU
		{CCAD8514-9C82-4951-B5E3-A10F73AE1350}.Release|Any CPU.Build.0 = Release|Any CPU
	EndGlobalSection
	GlobalSection(SolutionProperties) = preSolution
		HideSolutionNode = FALSE
	EndGlobalSection
	GlobalSection(ExtensibilityGlobals) = postSolution
		SolutionGuid = {EA95C92F-0AF0-41A3-9AAE-CC21B24C832C}
	EndGlobalSection
EndGlobal
